
Microsoft Visual Studio Solution File, Format Version 12.00
Project("{2150E333-8FDC-42A3-9474-1A3956D46DE8}") = "Tests", "Tests", "{9CC57AD0-4984-4618-96EA-01FFFCCD84FA}"
EndProject
Project("{2150E333-8FDC-42A3-9474-1A3956D46DE8}") = "_", "_", "{99D141BC-CCD6-4EEF-99DA-828CEF1F8928}"
	ProjectSection(SolutionItems) = preProject
		.editorconfig = .editorconfig
		.gitattributes = .gitattributes
		.gitignore = .gitignore
		CODE_OF_CONDUCT.md = CODE_OF_CONDUCT.md
		CONTRIBUTING.md = CONTRIBUTING.md
		Directory.Build.props = Directory.Build.props
		Directory.Packages.props = Directory.Packages.props
		global.json = global.json
		LICENSE = LICENSE
		nuget.config = nuget.config
		README.md = README.md
		aweXpect.Web.sln.DotSettings = aweXpect.Web.sln.DotSettings
	EndProjectSection
EndProject
Project("{2150E333-8FDC-42A3-9474-1A3956D46DE8}") = "Tests", "Tests", "{1308040E-AFD3-4404-81E0-CC3746984A6F}"
	ProjectSection(SolutionItems) = preProject
		Tests\Directory.Build.props = Tests\Directory.Build.props
	EndProjectSection
EndProject
Project("{2150E333-8FDC-42A3-9474-1A3956D46DE8}") = "Source", "Source", "{5C4FFB48-47DD-438D-AB04-CAFBF307160C}"
	ProjectSection(SolutionItems) = preProject
		Source\Directory.Build.props = Source\Directory.Build.props
	EndProjectSection
EndProject
Project("{9A19103F-16F7-4668-BE54-9A1E7A4F7556}") = "Build", "Pipeline\Build.csproj", "{2BD65F2F-F433-4C2D-8A7E-600039B3B7E8}"
EndProject
Project("{2150E333-8FDC-42A3-9474-1A3956D46DE8}") = "Pipeline", "Pipeline", "{E448FD37-2BB0-4E46-9D2C-4CF3C6B8FA6D}"
EndProject
Project("{2150E333-8FDC-42A3-9474-1A3956D46DE8}") = ".github", ".github", "{DFD09AAE-5400-42DA-BF53-A06D27390BC7}"
EndProject
Project("{2150E333-8FDC-42A3-9474-1A3956D46DE8}") = "workflows", "workflows", "{7819A5D7-30A2-4ADE-A84B-C1791BF9F21F}"
	ProjectSection(SolutionItems) = preProject
		.github\workflows\build.yml = .github\workflows\build.yml
		.github\workflows\ci.yml = .github\workflows\ci.yml
	EndProjectSection
EndProject
Project("{2150E333-8FDC-42A3-9474-1A3956D46DE8}") = "Benchmarks", "Benchmarks", "{B776D4D9-F241-49BA-B005-8484BC686008}"
EndProject
Project("{FAE04EC0-301F-11D3-BF4B-00C04F79EFBC}") = "aweXpect.Web.Benchmarks", "Benchmarks\aweXpect.Web.Benchmarks\aweXpect.Web.Benchmarks.csproj", "{E122DD93-09CD-4316-A0D0-F57019A3B9B5}"
EndProject
Project("{FAE04EC0-301F-11D3-BF4B-00C04F79EFBC}") = "aweXpect.Web", "Source\aweXpect.Web\aweXpect.Web.csproj", "{DA22A80F-C009-481F-A8D0-FB895BEA525B}"
EndProject
Project("{FAE04EC0-301F-11D3-BF4B-00C04F79EFBC}") = "aweXpect.Web.Tests", "Tests\aweXpect.Web.Tests\aweXpect.Web.Tests.csproj", "{494F4BA5-02EE-4656-9D5E-BF9BB25C49E8}"
EndProject
Project("{FAE04EC0-301F-11D3-BF4B-00C04F79EFBC}") = "aweXpect.Web.Api.Tests", "Tests\aweXpect.Web.Api.Tests\aweXpect.Web.Api.Tests.csproj", "{EA828A6C-5C01-4950-9F67-F53847CE3DDF}"
EndProject
Project("{FAE04EC0-301F-11D3-BF4B-00C04F79EFBC}") = "aweXpect.Web.Samples.Tests", "Tests\aweXpect.Web.Samples.Tests\aweXpect.Web.Samples.Tests.csproj", "{A883F8D7-7F43-4ABA-B936-4EC075367C87}"
EndProject
Project("{FAE04EC0-301F-11D3-BF4B-00C04F79EFBC}") = "aweXpect.Web.Samples", "Source\aweXpect.Web.Samples\aweXpect.Web.Samples.csproj", "{94B10959-03DD-44C2-8E1B-40BA4B6A311B}"
EndProject
Global
	GlobalSection(SolutionConfigurationPlatforms) = preSolution
		Debug|Any CPU = Debug|Any CPU
		Release|Any CPU = Release|Any CPU
	EndGlobalSection
	GlobalSection(NestedProjects) = preSolution
		{2BD65F2F-F433-4C2D-8A7E-600039B3B7E8} = {E448FD37-2BB0-4E46-9D2C-4CF3C6B8FA6D}
		{1308040E-AFD3-4404-81E0-CC3746984A6F} = {99D141BC-CCD6-4EEF-99DA-828CEF1F8928}
		{DFD09AAE-5400-42DA-BF53-A06D27390BC7} = {99D141BC-CCD6-4EEF-99DA-828CEF1F8928}
		{7819A5D7-30A2-4ADE-A84B-C1791BF9F21F} = {DFD09AAE-5400-42DA-BF53-A06D27390BC7}
		{5C4FFB48-47DD-438D-AB04-CAFBF307160C} = {99D141BC-CCD6-4EEF-99DA-828CEF1F8928}
		{E122DD93-09CD-4316-A0D0-F57019A3B9B5} = {B776D4D9-F241-49BA-B005-8484BC686008}
		{494F4BA5-02EE-4656-9D5E-BF9BB25C49E8} = {9CC57AD0-4984-4618-96EA-01FFFCCD84FA}
		{EA828A6C-5C01-4950-9F67-F53847CE3DDF} = {9CC57AD0-4984-4618-96EA-01FFFCCD84FA}
		{A883F8D7-7F43-4ABA-B936-4EC075367C87} = {9CC57AD0-4984-4618-96EA-01FFFCCD84FA}
	EndGlobalSection
	GlobalSection(ProjectConfigurationPlatforms) = postSolution
		{E122DD93-09CD-4316-A0D0-F57019A3B9B5}.Debug|Any CPU.ActiveCfg = Debug|Any CPU
		{E122DD93-09CD-4316-A0D0-F57019A3B9B5}.Debug|Any CPU.Build.0 = Debug|Any CPU
		{E122DD93-09CD-4316-A0D0-F57019A3B9B5}.Release|Any CPU.ActiveCfg = Release|Any CPU
		{E122DD93-09CD-4316-A0D0-F57019A3B9B5}.Release|Any CPU.Build.0 = Release|Any CPU
		{DA22A80F-C009-481F-A8D0-FB895BEA525B}.Debug|Any CPU.ActiveCfg = Debug|Any CPU
		{DA22A80F-C009-481F-A8D0-FB895BEA525B}.Debug|Any CPU.Build.0 = Debug|Any CPU
		{DA22A80F-C009-481F-A8D0-FB895BEA525B}.Release|Any CPU.ActiveCfg = Release|Any CPU
		{DA22A80F-C009-481F-A8D0-FB895BEA525B}.Release|Any CPU.Build.0 = Release|Any CPU
		{494F4BA5-02EE-4656-9D5E-BF9BB25C49E8}.Debug|Any CPU.ActiveCfg = Debug|Any CPU
		{494F4BA5-02EE-4656-9D5E-BF9BB25C49E8}.Debug|Any CPU.Build.0 = Debug|Any CPU
		{494F4BA5-02EE-4656-9D5E-BF9BB25C49E8}.Release|Any CPU.ActiveCfg = Release|Any CPU
		{494F4BA5-02EE-4656-9D5E-BF9BB25C49E8}.Release|Any CPU.Build.0 = Release|Any CPU
		{EA828A6C-5C01-4950-9F67-F53847CE3DDF}.Debug|Any CPU.ActiveCfg = Debug|Any CPU
		{EA828A6C-5C01-4950-9F67-F53847CE3DDF}.Debug|Any CPU.Build.0 = Debug|Any CPU
		{EA828A6C-5C01-4950-9F67-F53847CE3DDF}.Release|Any CPU.ActiveCfg = Release|Any CPU
		{EA828A6C-5C01-4950-9F67-F53847CE3DDF}.Release|Any CPU.Build.0 = Release|Any CPU
		{A883F8D7-7F43-4ABA-B936-4EC075367C87}.Debug|Any CPU.ActiveCfg = Debug|Any CPU
		{A883F8D7-7F43-4ABA-B936-4EC075367C87}.Debug|Any CPU.Build.0 = Debug|Any CPU
		{A883F8D7-7F43-4ABA-B936-4EC075367C87}.Release|Any CPU.ActiveCfg = Release|Any CPU
		{A883F8D7-7F43-4ABA-B936-4EC075367C87}.Release|Any CPU.Build.0 = Release|Any CPU
		{94B10959-03DD-44C2-8E1B-40BA4B6A311B}.Debug|Any CPU.ActiveCfg = Debug|Any CPU
		{94B10959-03DD-44C2-8E1B-40BA4B6A311B}.Debug|Any CPU.Build.0 = Debug|Any CPU
		{94B10959-03DD-44C2-8E1B-40BA4B6A311B}.Release|Any CPU.ActiveCfg = Release|Any CPU
		{94B10959-03DD-44C2-8E1B-40BA4B6A311B}.Release|Any CPU.Build.0 = Release|Any CPU
	EndGlobalSection
EndGlobal
